// !$*UTF8*$!
{
	archiveVersion = 1;
	classes = {
	};
	objectVersion = 46;
	objects = {

/* Begin PBXBuildFile section */
		04FC253E1DB9AE5800AAEF98 /* main.m in Sources */ = {isa = PBXBuildFile; fileRef = 04FC253D1DB9AE5800AAEF98 /* main.m */; };
		04FC25411DB9AE5800AAEF98 /* AppDelegate.m in Sources */ = {isa = PBXBuildFile; fileRef = 04FC25401DB9AE5800AAEF98 /* AppDelegate.m */; };
		04FC25441DB9AE5800AAEF98 /* ViewController.m in Sources */ = {isa = PBXBuildFile; fileRef = 04FC25431DB9AE5800AAEF98 /* ViewController.m */; };
		04FC25471DB9AE5800AAEF98 /* Main.storyboard in Resources */ = {isa = PBXBuildFile; fileRef = 04FC25451DB9AE5800AAEF98 /* Main.storyboard */; };
		04FC25491DB9AE5800AAEF98 /* Assets.xcassets in Resources */ = {isa = PBXBuildFile; fileRef = 04FC25481DB9AE5800AAEF98 /* Assets.xcassets */; };
		04FC254C1DB9AE5800AAEF98 /* LaunchScreen.storyboard in Resources */ = {isa = PBXBuildFile; fileRef = 04FC254A1DB9AE5800AAEF98 /* LaunchScreen.storyboard */; };
		04FC25591DB9B41400AAEF98 /* ZYSegmentViewController.m in Sources */ = {isa = PBXBuildFile; fileRef = 04FC25581DB9B41400AAEF98 /* ZYSegmentViewController.m */; };
		04FC255C1DB9D28500AAEF98 /* segmentView.m in Sources */ = {isa = PBXBuildFile; fileRef = 04FC255B1DB9D28500AAEF98 /* segmentView.m */; };
		04FD7E941DBE2B99001AC7A6 /* oneTableViewController.m in Sources */ = {isa = PBXBuildFile; fileRef = 04FD7E931DBE2B99001AC7A6 /* oneTableViewController.m */; };
		04FD7E9D1DBE2FCE001AC7A6 /* twoTableViewController.m in Sources */ = {isa = PBXBuildFile; fileRef = 04FD7E9C1DBE2FCE001AC7A6 /* twoTableViewController.m */; };
		04FD7EA01DBE3021001AC7A6 /* threeTableViewController.m in Sources */ = {isa = PBXBuildFile; fileRef = 04FD7E9F1DBE3021001AC7A6 /* threeTableViewController.m */; };
/* End PBXBuildFile section */

/* Begin PBXFileReference section */
		04FC25391DB9AE5800AAEF98 /* ZYNavigationBarSection.app */ = {isa = PBXFileReference; explicitFileType = wrapper.application; includeInIndex = 0; path = ZYNavigationBarSection.app; sourceTree = BUILT_PRODUCTS_DIR; };
		04FC253D1DB9AE5800AAEF98 /* main.m */ = {isa = PBXFileReference; lastKnownFileType = sourcecode.c.objc; path = main.m; sourceTree = "<group>"; };
		04FC253F1DB9AE5800AAEF98 /* AppDelegate.h */ = {isa = PBXFileReference; lastKnownFileType = sourcecode.c.h; path = AppDelegate.h; sourceTree = "<group>"; };
		04FC25401DB9AE5800AAEF98 /* AppDelegate.m */ = {isa = PBXFileReference; lastKnownFileType = sourcecode.c.objc; path = AppDelegate.m; sourceTree = "<group>"; };
		04FC25421DB9AE5800AAEF98 /* ViewController.h */ = {isa = PBXFileReference; lastKnownFileType = sourcecode.c.h; path = ViewController.h; sourceTree = "<group>"; };
		04FC25431DB9AE5800AAEF98 /* ViewController.m */ = {isa = PBXFileReference; lastKnownFileType = sourcecode.c.objc; path = ViewController.m; sourceTree = "<group>"; };
		04FC25461DB9AE5800AAEF98 /* Base */ = {isa = PBXFileReference; lastKnownFileType = file.storyboard; name = Base; path = Base.lproj/Main.storyboard; sourceTree = "<group>"; };
		04FC25481DB9AE5800AAEF98 /* Assets.xcassets */ = {isa = PBXFileReference; lastKnownFileType = folder.assetcatalog; path = Assets.xcassets; sourceTree = "<group>"; };
		04FC254B1DB9AE5800AAEF98 /* Base */ = {isa = PBXFileReference; lastKnownFileType = file.storyboard; name = Base; path = Base.lproj/LaunchScreen.storyboard; sourceTree = "<group>"; };
		04FC254D1DB9AE5800AAEF98 /* Info.plist */ = {isa = PBXFileReference; lastKnownFileType = text.plist.xml; path = Info.plist; sourceTree = "<group>"; };
		04FC25571DB9B41400AAEF98 /* ZYSegmentViewController.h */ = {isa = PBXFileReference; fileEncoding = 4; lastKnownFileType = sourcecode.c.h; path = ZYSegmentViewController.h; sourceTree = "<group>"; };
		04FC25581DB9B41400AAEF98 /* ZYSegmentViewController.m */ = {isa = PBXFileReference; fileEncoding = 4; lastKnownFileType = sourcecode.c.objc; path = ZYSegmentViewController.m; sourceTree = "<group>"; };
		04FC255A1DB9D28500AAEF98 /* segmentView.h */ = {isa = PBXFileReference; fileEncoding = 4; lastKnownFileType = sourcecode.c.h; path = segmentView.h; sourceTree = "<group>"; };
		04FC255B1DB9D28500AAEF98 /* segmentView.m */ = {isa = PBXFileReference; fileEncoding = 4; lastKnownFileType = sourcecode.c.objc; path = segmentView.m; sourceTree = "<group>"; };
		04FD7E921DBE2B99001AC7A6 /* oneTableViewController.h */ = {isa = PBXFileReference; fileEncoding = 4; lastKnownFileType = sourcecode.c.h; name = oneTableViewController.h; path = NavigationBarSection/oneTableViewController.h; sourceTree = "<group>"; };
		04FD7E931DBE2B99001AC7A6 /* oneTableViewController.m */ = {isa = PBXFileReference; fileEncoding = 4; lastKnownFileType = sourcecode.c.objc; name = oneTableViewController.m; path = NavigationBarSection/oneTableViewController.m; sourceTree = "<group>"; };
		04FD7E9B1DBE2FCE001AC7A6 /* twoTableViewController.h */ = {isa = PBXFileReference; fileEncoding = 4; lastKnownFileType = sourcecode.c.h; name = twoTableViewController.h; path = ../twoTableViewController.h; sourceTree = "<group>"; };
		04FD7E9C1DBE2FCE001AC7A6 /* twoTableViewController.m */ = {isa = PBXFileReference; fileEncoding = 4; lastKnownFileType = sourcecode.c.objc; name = twoTableViewController.m; path = ../twoTableViewController.m; sourceTree = "<group>"; };
		04FD7E9E1DBE3021001AC7A6 /* threeTableViewController.h */ = {isa = PBXFileReference; fileEncoding = 4; lastKnownFileType = sourcecode.c.h; name = threeTableViewController.h; path = ../threeTableViewController.h; sourceTree = "<group>"; };
		04FD7E9F1DBE3021001AC7A6 /* threeTableViewController.m */ = {isa = PBXFileReference; fileEncoding = 4; lastKnownFileType = sourcecode.c.objc; name = threeTableViewController.m; path = ../threeTableViewController.m; sourceTree = "<group>"; };
/* End PBXFileReference section */

/* Begin PBXFrameworksBuildPhase section */
		04FC25361DB9AE5800AAEF98 /* Frameworks */ = {
			isa = PBXFrameworksBuildPhase;
			buildActionMask = 2147483647;
			files = (
			);
			runOnlyForDeploymentPostprocessing = 0;
		};
/* End PBXFrameworksBuildPhase section */

/* Begin PBXGroup section */
		04FC25301DB9AE5800AAEF98 = {
			isa = PBXGroup;
			children = (
				04FC253B1DB9AE5800AAEF98 /* ZYNavigationBarSection */,
				04FC253A1DB9AE5800AAEF98 /* Products */,
			);
			sourceTree = "<group>";
		};
		04FC253A1DB9AE5800AAEF98 /* Products */ = {
			isa = PBXGroup;
			children = (
				04FC25391DB9AE5800AAEF98 /* ZYNavigationBarSection.app */,
			);
			name = Products;
			sourceTree = "<group>";
		};
		04FC253B1DB9AE5800AAEF98 /* ZYNavigationBarSection */ = {
			isa = PBXGroup;
			children = (
				04FD7E921DBE2B99001AC7A6 /* oneTableViewController.h */,
				04FD7E931DBE2B99001AC7A6 /* oneTableViewController.m */,
				04FD7E9B1DBE2FCE001AC7A6 /* twoTableViewController.h */,
				04FD7E9C1DBE2FCE001AC7A6 /* twoTableViewController.m */,
				04FD7E9E1DBE3021001AC7A6 /* threeTableViewController.h */,
				04FD7E9F1DBE3021001AC7A6 /* threeTableViewController.m */,
				04FC25561DB9B41400AAEF98 /* NavigationBarSection */,
				04FC253F1DB9AE5800AAEF98 /* AppDelegate.h */,
				04FC25401DB9AE5800AAEF98 /* AppDelegate.m */,
				04FC25421DB9AE5800AAEF98 /* ViewController.h */,
				04FC25431DB9AE5800AAEF98 /* ViewController.m */,
				04FC25451DB9AE5800AAEF98 /* Main.storyboard */,
				04FC25481DB9AE5800AAEF98 /* Assets.xcassets */,
				04FC254A1DB9AE5800AAEF98 /* LaunchScreen.storyboard */,
				04FC254D1DB9AE5800AAEF98 /* Info.plist */,
				04FC253C1DB9AE5800AAEF98 /* Supporting Files */,
			);
			path = ZYNavigationBarSection;
			sourceTree = "<group>";
		};
		04FC253C1DB9AE5800AAEF98 /* Supporting Files */ = {
			isa = PBXGroup;
			children = (
				04FC253D1DB9AE5800AAEF98 /* main.m */,
			);
			name = "Supporting Files";
			sourceTree = "<group>";
		};
		04FC25561DB9B41400AAEF98 /* NavigationBarSection */ = {
			isa = PBXGroup;
			children = (
				04FC25571DB9B41400AAEF98 /* ZYSegmentViewController.h */,
				04FC25581DB9B41400AAEF98 /* ZYSegmentViewController.m */,
				04FC255A1DB9D28500AAEF98 /* segmentView.h */,
				04FC255B1DB9D28500AAEF98 /* segmentView.m */,
			);
			path = NavigationBarSection;
			sourceTree = "<group>";
		};
/* End PBXGroup section */

/* Begin PBXNativeTarget section */
		04FC25381DB9AE5800AAEF98 /* ZYNavigationBarSection */ = {
			isa = PBXNativeTarget;
			buildConfigurationList = 04FC25501DB9AE5800AAEF98 /* Build configuration list for PBXNativeTarget "ZYNavigationBarSection" */;
			buildPhases = (
				04FC25351DB9AE5800AAEF98 /* Sources */,
				04FC25361DB9AE5800AAEF98 /* Frameworks */,
				04FC25371DB9AE5800AAEF98 /* Resources */,
			);
			buildRules = (
			);
			dependencies = (
			);
			name = ZYNavigationBarSection;
			productName = ZYNavigationBarSection;
			productReference = 04FC25391DB9AE5800AAEF98 /* ZYNavigationBarSection.app */;
			productType = "com.apple.product-type.application";
		};
/* End PBXNativeTarget section */

/* Begin PBXProject section */
		04FC25311DB9AE5800AAEF98 /* Project object */ = {
			isa = PBXProject;
			attributes = {
				LastUpgradeCheck = 0800;
				ORGANIZATIONNAME = mac;
				TargetAttributes = {
					04FC25381DB9AE5800AAEF98 = {
						CreatedOnToolsVersion = 8.0;
						ProvisioningStyle = Automatic;
					};
				};
			};
			buildConfigurationList = 04FC25341DB9AE5800AAEF98 /* Build configuration list for PBXProject "ZYNavigationBarSection" */;
			compatibilityVersion = "Xcode 3.2";
			developmentRegion = English;
			hasScannedForEncodings = 0;
			knownRegions = (
				en,
				Base,
			);
			mainGroup = 04FC25301DB9AE5800AAEF98;
			productRefGroup = 04FC253A1DB9AE5800AAEF98 /* Products */;
			projectDirPath = "";
			projectRoot = "";
			targets = (
				04FC25381DB9AE5800AAEF98 /* ZYNavigationBarSection */,
			);
		};
/* End PBXProject section */

/* Begin PBXResourcesBuildPhase section */
		04FC25371DB9AE5800AAEF98 /* Resources */ = {
			isa = PBXResourcesBuildPhase;
			buildActionMask = 2147483647;
			files = (
				04FC254C1DB9AE5800AAEF98 /* LaunchScreen.storyboard in Resources */,
				04FC25491DB9AE5800AAEF98 /* Assets.xcassets in Resources */,
				04FC25471DB9AE5800AAEF98 /* Main.storyboard in Resources */,
			);
			runOnlyForDeploymentPostprocessing = 0;
		};
/* End PBXResourcesBuildPhase section */

/* Begin PBXSourcesBuildPhase section */
		04FC25351DB9AE5800AAEF98 /* Sources */ = {
			isa = PBXSourcesBuildPhase;
			buildActionMask = 2147483647;
			files = (
				04FC25441DB9AE5800AAEF98 /* ViewController.m in Sources */,
				04FC255C1DB9D28500AAEF98 /* segmentView.m in Sources */,
				04FD7E941DBE2B99001AC7A6 /* oneTableViewController.m in Sources */,
				04FD7E9D1DBE2FCE001AC7A6 /* twoTableViewController.m in Sources */,
				04FD7EA01DBE3021001AC7A6 /* threeTableViewController.m in Sources */,
				04FC25591DB9B41400AAEF98 /* ZYSegmentViewController.m in Sources */,
				04FC25411DB9AE5800AAEF98 /* AppDelegate.m in Sources */,
				04FC253E1DB9AE5800AAEF98 /* main.m in Sources */,
			);
			runOnlyForDeploymentPostprocessing = 0;
		};
/* End PBXSourcesBuildPhase section */

/* Begin PBXVariantGroup section */
		04FC25451DB9AE5800AAEF98 /* Main.storyboard */ = {
			isa = PBXVariantGroup;
			children = (
				04FC25461DB9AE5800AAEF98 /* Base */,
			);
			name = Main.storyboard;
			sourceTree = "<group>";
		};
		04FC254A1DB9AE5800AAEF98 /* LaunchScreen.storyboard */ = {
			isa = PBXVariantGroup;
			children = (
				04FC254B1DB9AE5800AAEF98 /* Base */,
			);
			name = LaunchScreen.storyboard;
			sourceTree = "<group>";
		};
/* End PBXVariantGroup section */

/* Begin XCBuildConfiguration section */
		04FC254E1DB9AE5800AAEF98 /* Debug */ = {
			isa = XCBuildConfiguration;
			buildSettings = {
				ALWAYS_SEARCH_USER_PATHS = NO;
				CLANG_ANALYZER_NONNULL = YES;
				CLANG_CXX_LANGUAGE_STANDARD = "gnu++0x";
				CLANG_CXX_LIBRARY = "libc++";
				CLANG_ENABLE_MODULES = YES;
				CLANG_ENABLE_OBJC_ARC = YES;
				CLANG_WARN_BOOL_CONVERSION = YES;
				CLANG_WARN_CONSTANT_CONVERSION = YES;
				CLANG_WARN_DIRECT_OBJC_ISA_USAGE = YES_ERROR;
				CLANG_WARN_DOCUMENTATION_COMMENTS = YES;
				CLANG_WARN_EMPTY_BODY = YES;
				CLANG_WARN_ENUM_CONVERSION = YES;
				CLANG_WARN_INFINITE_RECURSION = YES;
				CLANG_WARN_INT_CONVERSION = YES;
				CLANG_WARN_OBJC_ROOT_CLASS = YES_ERROR;
				CLANG_WARN_SUSPICIOUS_MOVES = YES;
				CLANG_WARN_UNREACHABLE_CODE = YES;
				CLANG_WARN__DUPLICATE_METHOD_MATCH = YES;
				"CODE_SIGN_IDENTITY[sdk=iphoneos*]" = "iPhone Developer";
				COPY_PHASE_STRIP = NO;
				DEBUG_INFORMATION_FORMAT = dwarf;
				ENABLE_STRICT_OBJC_MSGSEND = YES;
				ENABLE_TESTABILITY = YES;
				GCC_C_LANGUAGE_STANDARD = gnu99;
				GCC_DYNAMIC_NO_PIC = NO;
				GCC_NO_COMMON_BLOCKS = YES;
				GCC_OPTIMIZATION_LEVEL = 0;
				GCC_PREPROCESSOR_DEFINITIONS = (
					"DEBUG=1",
					"$(inherited)",
				);
				GCC_WARN_64_TO_32_BIT_CONVERSION = YES;
				GCC_WARN_ABOUT_RETURN_TYPE = YES_ERROR;
				GCC_WARN_UNDECLARED_SELECTOR = YES;
				GCC_WARN_UNINITIALIZED_AUTOS = YES_AGGRESSIVE;
				GCC_WARN_UNUSED_FUNCTION = YES;
				GCC_WARN_UNUSED_VARIABLE = YES;
				IPHONEOS_DEPLOYMENT_TARGET = 10.0;
				MTL_ENABLE_DEBUG_INFO = YES;
				ONLY_ACTIVE_ARCH = YES;
				SDKROOT = iphoneos;
			};
			name = Debug;
		};
		04FC254F1DB9AE5800AAEF98 /* Release */ = {
			isa = XCBuildConfiguration;
			buildSettings = {
				ALWAYS_SEARCH_USER_PATHS = NO;
				CLANG_ANALYZER_NONNULL = YES;
				CLANG_CXX_LANGUAGE_STANDARD = "gnu++0x";
				CLANG_CXX_LIBRARY = "libc++";
				CLANG_ENABLE_MODULES = YES;
				CLANG_ENABLE_OBJC_ARC = YES;
				CLANG_WARN_BOOL_CONVERSION = YES;
				CLANG_WARN_CONSTANT_CONVERSION = YES;
				CLANG_WARN_DIRECT_OBJC_ISA_USAGE = YES_ERROR;
				CLANG_WARN_DOCUMENTATION_COMMENTS = YES;
				CLANG_WARN_EMPTY_BODY = YES;
				CLANG_WARN_ENUM_CONVERSION = YES;
				CLANG_WARN_INFINITE_RECURSION = YES;
				CLANG_WARN_INT_CONVERSION = YES;
				CLANG_WARN_OBJC_ROOT_CLASS = YES_ERROR;
				CLANG_WARN_SUSPICIOUS_MOVES = YES;
				CLANG_WARN_UNREACHABLE_CODE = YES;
				CLANG_WARN__DUPLICATE_METHOD_MATCH = YES;
				"CODE_SIGN_IDENTITY[sdk=iphoneos*]" = "iPhone Developer";
				COPY_PHASE_STRIP = NO;
				DEBUG_INFORMATION_FORMAT = "dwarf-with-dsym";
				ENABLE_NS_ASSERTIONS = NO;
				ENABLE_STRICT_OBJC_MSGSEND = YES;
				GCC_C_LANGUAGE_STANDARD = gnu99;
				GCC_NO_COMMON_BLOCKS = YES;
				GCC_WARN_64_TO_32_BIT_CONVERSION = YES;
				GCC_WARN_ABOUT_RETURN_TYPE = YES_ERROR;
				GCC_WARN_UNDECLARED_SELECTOR = YES;
				GCC_WARN_UNINITIALIZED_AUTOS = YES_AGGRESSIVE;
				GCC_WARN_UNUSED_FUNCTION = YES;
				GCC_WARN_UNUSED_VARIABLE = YES;
				IPHONEOS_DEPLOYMENT_TARGET = 10.0;
				MTL_ENABLE_DEBUG_INFO = NO;
				SDKROOT = iphoneos;
				VALIDATE_PRODUCT = YES;
			};
			name = Release;
		};
		04FC25511DB9AE5800AAEF98 /* Debug */ = {
			isa = XCBuildConfiguration;
			buildSettings = {
				ASSETCATALOG_COMPILER_APPICON_NAME = AppIcon;
				INFOPLIST_FILE = ZYNavigationBarSection/Info.plist;
				LD_RUNPATH_SEARCH_PATHS = "$(inherited) @executable_path/Frameworks";
				PRODUCT_BUNDLE_IDENTIFIER = zhengyang.ZYNavigationBarSection;
				PRODUCT_NAME = "$(TARGET_NAME)";
			};
			name = Debug;
		};
		04FC25521DB9AE5800AAEF98 /* Release */ = {
			isa = XCBuildConfiguration;
			buildSettings = {
				ASSETCATALOG_COMPILER_APPICON_NAME = AppIcon;
				INFOPLIST_FILE = ZYNavigationBarSection/Info.plist;
				LD_RUNPATH_SEARCH_PATHS = "$(inherited) @executable_path/Frameworks";
				PRODUCT_BUNDLE_IDENTIFIER = zhengyang.ZYNavigationBarSection;
				PRODUCT_NAME = "$(TARGET_NAME)";
			};
			name = Release;
		};
/* End XCBuildConfiguration section */

/* Begin XCConfigurationList section */
		04FC25341DB9AE5800AAEF98 /* Build configuration list for PBXProject "ZYNavigationBarSection" */ = {
			isa = XCConfigurationList;
			buildConfigurations = (
				04FC254E1DB9AE5800AAEF98 /* Debug */,
				04FC254F1DB9AE5800AAEF98 /* Release */,
			);
			defaultConfigurationIsVisible = 0;
			defaultConfigurationName = Release;
		};
		04FC25501DB9AE5800AAEF98 /* Build configuration list for PBXNativeTarget "ZYNavigationBarSection" */ = {
			isa = XCConfigurationList;
			buildConfigurations = (
				04FC25511DB9AE5800AAEF98 /* Debug */,
				04FC25521DB9AE5800AAEF98 /* Release */,
			);
			defaultConfigurationIsVisible = 0;
			defaultConfigurationName = Release;
		};
/* End XCConfigurationList section */
	};
	rootObject = 04FC25311DB9AE5800AAEF98 /* Project object */;
}
